
Microsoft Visual Studio Solution File, Format Version 12.00
# Visual Studio Version 17
VisualStudioVersion = 17.7.34221.43
MinimumVisualStudioVersion = 10.0.40219.1
Project("{FAE04EC0-301F-11D3-BF4B-00C04F79EFBC}") = "Math game real", "Math game real\Math game real.csproj", "{974C6286-40E4-4455-AB11-B1A5AA2E7B98}"
EndProject
Global
	GlobalSection(SolutionConfigurationPlatforms) = preSolution
		Debug|Any CPU = Debug|Any CPU
		Release|Any CPU = Release|Any CPU
	EndGlobalSection
	GlobalSection(ProjectConfigurationPlatforms) = postSolution
		{974C6286-40E4-4455-AB11-B1A5AA2E7B98}.Debug|Any CPU.ActiveCfg = Debug|Any CPU
		{974C6286-40E4-4455-AB11-B1A5AA2E7B98}.Debug|Any CPU.Build.0 = Debug|Any CPU
		{974C6286-40E4-4455-AB11-B1A5AA2E7B98}.Release|Any CPU.ActiveCfg = Release|Any CPU
		{974C6286-40E4-4455-AB11-B1A5AA2E7B98}.Release|Any CPU.Build.0 = Release|Any CPU
	EndGlobalSection
	GlobalSection(SolutionProperties) = preSolution
		HideSolutionNode = FALSE
	EndGlobalSection
	GlobalSection(ExtensibilityGlobals) = postSolution
		SolutionGuid = {B2E84BD5-1D53-425A-B85A-009F238A1155}
	EndGlobalSection
EndGlobal
